// !$*UTF8*$!
{
	archiveVersion = 1;
	classes = {
	};
	objectVersion = 50;
	objects = {

/* Begin PBXBuildFile section */
		0A6E610D227F83410011490C /* AppDelegate.m in Sources */ = {isa = PBXBuildFile; fileRef = 0A6E610C227F83410011490C /* AppDelegate.m */; };
		0A6E610F227F83420011490C /* Assets.xcassets in Resources */ = {isa = PBXBuildFile; fileRef = 0A6E610E227F83420011490C /* Assets.xcassets */; };
		0A6E6112227F83420011490C /* MainMenu.xib in Resources */ = {isa = PBXBuildFile; fileRef = 0A6E6110227F83420011490C /* MainMenu.xib */; };
		0A6E6115227F83420011490C /* main.m in Sources */ = {isa = PBXBuildFile; fileRef = 0A6E6114227F83420011490C /* main.m */; };
		0A6E6126227F89610011490C /* MetalScreenSaver.m in Sources */ = {isa = PBXBuildFile; fileRef = 0A6E6125227F89610011490C /* MetalScreenSaver.m */; };
		0A7A71A4227F8C81001149F2 /* MetalScreenSaver.h in Headers */ = {isa = PBXBuildFile; fileRef = 0A6E6123227F89610011490C /* MetalScreenSaver.h */; };
		0A7A71A5227F8DD5001149F2 /* libMetalScreenSaver.a in Frameworks */ = {isa = PBXBuildFile; fileRef = 0A6E6121227F89610011490C /* libMetalScreenSaver.a */; settings = {ATTRIBUTES = (Required, ); }; };
		0A7A71A8227F97FD001149F2 /* Shaders.metal in Sources */ = {isa = PBXBuildFile; fileRef = 0A7A71A7227F97FD001149F2 /* Shaders.metal */; };
		0A7A71AB227F9A89001149F2 /* MSSView.m in Sources */ = {isa = PBXBuildFile; fileRef = 0A7A71AA227F9A89001149F2 /* MSSView.m */; };
		0A926BD82276F76D00674001 /* HelloScreenSaverView.h in Headers */ = {isa = PBXBuildFile; fileRef = 0A926BD72276F76D00674001 /* HelloScreenSaverView.h */; };
		0A926BDA2276F76D00674001 /* HelloScreenSaverView.m in Sources */ = {isa = PBXBuildFile; fileRef = 0A926BD92276F76D00674001 /* HelloScreenSaverView.m */; };
		0A926BF52276F9D000674001 /* Shaders.metal in Sources */ = {isa = PBXBuildFile; fileRef = 0A926BF42276F9D000674001 /* Shaders.metal */; };
		0AD2D8BF228662340039A375 /* DavidView.h in Headers */ = {isa = PBXBuildFile; fileRef = 0AD2D8BE228662340039A375 /* DavidView.h */; };
		0AD2D8C1228662340039A375 /* DavidView.m in Sources */ = {isa = PBXBuildFile; fileRef = 0AD2D8C0228662340039A375 /* DavidView.m */; };
		0AD2D8C6228662530039A375 /* MSSRenderer.m in Sources */ = {isa = PBXBuildFile; fileRef = 0A6E611B227F86100011490C /* MSSRenderer.m */; };
		0AD2D8C72286626E0039A375 /* MSSRenderer.m in Sources */ = {isa = PBXBuildFile; fileRef = 0A6E611B227F86100011490C /* MSSRenderer.m */; };
		0AD2D8C8228664B70039A375 /* MetalScreenSaver.m in Sources */ = {isa = PBXBuildFile; fileRef = 0A6E6125227F89610011490C /* MetalScreenSaver.m */; };
		0AD2D8C9228664B70039A375 /* MetalScreenSaver.m in Sources */ = {isa = PBXBuildFile; fileRef = 0A6E6125227F89610011490C /* MetalScreenSaver.m */; };
		0AD2D8CA2286653F0039A375 /* Shaders.metal in Sources */ = {isa = PBXBuildFile; fileRef = 0A7A71A7227F97FD001149F2 /* Shaders.metal */; };
/* End PBXBuildFile section */

/* Begin PBXFileReference section */
		0A6E6109227F83410011490C /* DavidPreview.app */ = {isa = PBXFileReference; explicitFileType = wrapper.application; includeInIndex = 0; path = DavidPreview.app; sourceTree = BUILT_PRODUCTS_DIR; };
		0A6E610B227F83410011490C /* AppDelegate.h */ = {isa = PBXFileReference; lastKnownFileType = sourcecode.c.h; path = AppDelegate.h; sourceTree = "<group>"; };
		0A6E610C227F83410011490C /* AppDelegate.m */ = {isa = PBXFileReference; lastKnownFileType = sourcecode.c.objc; path = AppDelegate.m; sourceTree = "<group>"; };
		0A6E610E227F83420011490C /* Assets.xcassets */ = {isa = PBXFileReference; lastKnownFileType = folder.assetcatalog; path = Assets.xcassets; sourceTree = "<group>"; };
		0A6E6111227F83420011490C /* Base */ = {isa = PBXFileReference; lastKnownFileType = file.xib; name = Base; path = Base.lproj/MainMenu.xib; sourceTree = "<group>"; };
		0A6E6113227F83420011490C /* Info.plist */ = {isa = PBXFileReference; lastKnownFileType = text.plist.xml; path = Info.plist; sourceTree = "<group>"; };
		0A6E6114227F83420011490C /* main.m */ = {isa = PBXFileReference; lastKnownFileType = sourcecode.c.objc; path = main.m; sourceTree = "<group>"; };
		0A6E6116227F83420011490C /* DavidPreview.entitlements */ = {isa = PBXFileReference; lastKnownFileType = text.plist.entitlements; path = DavidPreview.entitlements; sourceTree = "<group>"; };
		0A6E611A227F86100011490C /* MSSRenderer.h */ = {isa = PBXFileReference; lastKnownFileType = sourcecode.c.h; path = MSSRenderer.h; sourceTree = "<group>"; };
		0A6E611B227F86100011490C /* MSSRenderer.m */ = {isa = PBXFileReference; lastKnownFileType = sourcecode.c.objc; path = MSSRenderer.m; sourceTree = "<group>"; };
		0A6E6121227F89610011490C /* libMetalScreenSaver.a */ = {isa = PBXFileReference; explicitFileType = archive.ar; includeInIndex = 0; path = libMetalScreenSaver.a; sourceTree = BUILT_PRODUCTS_DIR; };
		0A6E6123227F89610011490C /* MetalScreenSaver.h */ = {isa = PBXFileReference; lastKnownFileType = sourcecode.c.h; path = MetalScreenSaver.h; sourceTree = "<group>"; };
		0A6E6125227F89610011490C /* MetalScreenSaver.m */ = {isa = PBXFileReference; lastKnownFileType = sourcecode.c.objc; path = MetalScreenSaver.m; sourceTree = "<group>"; };
		0A7A7191227F8B29001149F2 /* module.modulemap */ = {isa = PBXFileReference; lastKnownFileType = "sourcecode.module-map"; path = module.modulemap; sourceTree = "<group>"; };
		0A7A71A7227F97FD001149F2 /* Shaders.metal */ = {isa = PBXFileReference; lastKnownFileType = sourcecode.metal; path = Shaders.metal; sourceTree = "<group>"; };
		0A7A71A9227F9A89001149F2 /* MSSView.h */ = {isa = PBXFileReference; lastKnownFileType = sourcecode.c.h; path = MSSView.h; sourceTree = "<group>"; };
		0A7A71AA227F9A89001149F2 /* MSSView.m */ = {isa = PBXFileReference; lastKnownFileType = sourcecode.c.objc; path = MSSView.m; sourceTree = "<group>"; };
		0A926BD52276F76D00674001 /* HelloScreenSaver.saver */ = {isa = PBXFileReference; explicitFileType = wrapper.cfbundle; includeInIndex = 0; path = HelloScreenSaver.saver; sourceTree = BUILT_PRODUCTS_DIR; };
		0A926BD72276F76D00674001 /* HelloScreenSaverView.h */ = {isa = PBXFileReference; lastKnownFileType = sourcecode.c.h; path = HelloScreenSaverView.h; sourceTree = "<group>"; };
		0A926BD92276F76D00674001 /* HelloScreenSaverView.m */ = {isa = PBXFileReference; lastKnownFileType = sourcecode.c.objc; path = HelloScreenSaverView.m; sourceTree = "<group>"; };
		0A926BDB2276F76D00674001 /* Info.plist */ = {isa = PBXFileReference; lastKnownFileType = text.plist.xml; path = Info.plist; sourceTree = "<group>"; };
		0A926BF42276F9D000674001 /* Shaders.metal */ = {isa = PBXFileReference; lastKnownFileType = sourcecode.metal; path = Shaders.metal; sourceTree = "<group>"; };
		0ACBB7EC2286E17E00D12D9C /* Metal-Bridging-Header.h */ = {isa = PBXFileReference; lastKnownFileType = sourcecode.c.h; path = "Metal-Bridging-Header.h"; sourceTree = "<group>"; };
		0AD2D8BC228662340039A375 /* David.saver */ = {isa = PBXFileReference; explicitFileType = wrapper.cfbundle; includeInIndex = 0; path = David.saver; sourceTree = BUILT_PRODUCTS_DIR; };
		0AD2D8BE228662340039A375 /* DavidView.h */ = {isa = PBXFileReference; lastKnownFileType = sourcecode.c.h; path = DavidView.h; sourceTree = "<group>"; };
		0AD2D8C0228662340039A375 /* DavidView.m */ = {isa = PBXFileReference; lastKnownFileType = sourcecode.c.objc; path = DavidView.m; sourceTree = "<group>"; };
		0AD2D8C2228662340039A375 /* Info.plist */ = {isa = PBXFileReference; lastKnownFileType = text.plist.xml; path = Info.plist; sourceTree = "<group>"; };
/* End PBXFileReference section */

/* Begin PBXFrameworksBuildPhase section */
		0A6E6106227F83410011490C /* Frameworks */ = {
			isa = PBXFrameworksBuildPhase;
			buildActionMask = 2147483647;
			files = (
				0A7A71A5227F8DD5001149F2 /* libMetalScreenSaver.a in Frameworks */,
			);
			runOnlyForDeploymentPostprocessing = 0;
		};
		0A6E611F227F89610011490C /* Frameworks */ = {
			isa = PBXFrameworksBuildPhase;
			buildActionMask = 2147483647;
			files = (
			);
			runOnlyForDeploymentPostprocessing = 0;
		};
		0A926BD22276F76D00674001 /* Frameworks */ = {
			isa = PBXFrameworksBuildPhase;
			buildActionMask = 2147483647;
			files = (
			);
			runOnlyForDeploymentPostprocessing = 0;
		};
		0AD2D8B9228662340039A375 /* Frameworks */ = {
			isa = PBXFrameworksBuildPhase;
			buildActionMask = 2147483647;
			files = (
			);
			runOnlyForDeploymentPostprocessing = 0;
		};
/* End PBXFrameworksBuildPhase section */

/* Begin PBXGroup section */
		0A6E610A227F83410011490C /* Preview */ = {
			isa = PBXGroup;
			children = (
				0A6E610B227F83410011490C /* AppDelegate.h */,
				0A6E610C227F83410011490C /* AppDelegate.m */,
				0A7A71A9227F9A89001149F2 /* MSSView.h */,
				0A7A71AA227F9A89001149F2 /* MSSView.m */,
				0A6E610E227F83420011490C /* Assets.xcassets */,
				0A6E6110227F83420011490C /* MainMenu.xib */,
				0A6E6113227F83420011490C /* Info.plist */,
				0A6E6114227F83420011490C /* main.m */,
				0A6E6116227F83420011490C /* DavidPreview.entitlements */,
			);
			path = Preview;
			sourceTree = "<group>";
		};
		0A6E6122227F89610011490C /* MetalScreenSaver */ = {
			isa = PBXGroup;
			children = (
				0A6E6123227F89610011490C /* MetalScreenSaver.h */,
				0A6E6125227F89610011490C /* MetalScreenSaver.m */,
				0A7A7191227F8B29001149F2 /* module.modulemap */,
			);
			path = MetalScreenSaver;
			sourceTree = "<group>";
		};
		0A6E612A227F89F10011490C /* Frameworks */ = {
			isa = PBXGroup;
			children = (
			);
			name = Frameworks;
			sourceTree = "<group>";
		};
		0A926BA82276788A00674001 = {
			isa = PBXGroup;
			children = (
				0A6E6122227F89610011490C /* MetalScreenSaver */,
				0A926BD62276F76D00674001 /* HelloScreenSaver */,
				0AD2D8BD228662340039A375 /* David */,
				0A926BB5227678A600674001 /* Products */,
				0A6E612A227F89F10011490C /* Frameworks */,
			);
			sourceTree = "<group>";
		};
		0A926BB5227678A600674001 /* Products */ = {
			isa = PBXGroup;
			children = (
				0A926BD52276F76D00674001 /* HelloScreenSaver.saver */,
				0A6E6109227F83410011490C /* DavidPreview.app */,
				0A6E6121227F89610011490C /* libMetalScreenSaver.a */,
				0AD2D8BC228662340039A375 /* David.saver */,
			);
			name = Products;
			sourceTree = "<group>";
		};
		0A926BD62276F76D00674001 /* HelloScreenSaver */ = {
			isa = PBXGroup;
			children = (
				0A926BD72276F76D00674001 /* HelloScreenSaverView.h */,
				0A926BD92276F76D00674001 /* HelloScreenSaverView.m */,
				0A926BDB2276F76D00674001 /* Info.plist */,
				0A926BF42276F9D000674001 /* Shaders.metal */,
			);
			path = HelloScreenSaver;
			sourceTree = "<group>";
		};
		0AD2D8BD228662340039A375 /* David */ = {
			isa = PBXGroup;
			children = (
				0A6E610A227F83410011490C /* Preview */,
				0AD2D8BE228662340039A375 /* DavidView.h */,
				0AD2D8C0228662340039A375 /* DavidView.m */,
				0A6E611A227F86100011490C /* MSSRenderer.h */,
				0A6E611B227F86100011490C /* MSSRenderer.m */,
				0ACBB7EC2286E17E00D12D9C /* Metal-Bridging-Header.h */,
				0A7A71A7227F97FD001149F2 /* Shaders.metal */,
				0AD2D8C2228662340039A375 /* Info.plist */,
			);
			path = David;
			sourceTree = "<group>";
		};
/* End PBXGroup section */

/* Begin PBXHeadersBuildPhase section */
		0A6E611D227F89610011490C /* Headers */ = {
			isa = PBXHeadersBuildPhase;
			buildActionMask = 2147483647;
			files = (
				0A7A71A4227F8C81001149F2 /* MetalScreenSaver.h in Headers */,
			);
			runOnlyForDeploymentPostprocessing = 0;
		};
		0A926BD02276F76D00674001 /* Headers */ = {
			isa = PBXHeadersBuildPhase;
			buildActionMask = 2147483647;
			files = (
				0A926BD82276F76D00674001 /* HelloScreenSaverView.h in Headers */,
			);
			runOnlyForDeploymentPostprocessing = 0;
		};
		0AD2D8B7228662340039A375 /* Headers */ = {
			isa = PBXHeadersBuildPhase;
			buildActionMask = 2147483647;
			files = (
				0AD2D8BF228662340039A375 /* DavidView.h in Headers */,
			);
			runOnlyForDeploymentPostprocessing = 0;
		};
/* End PBXHeadersBuildPhase section */

/* Begin PBXNativeTarget section */
		0A6E6108227F83410011490C /* DavidPreview */ = {
			isa = PBXNativeTarget;
			buildConfigurationList = 0A6E6119227F83420011490C /* Build configuration list for PBXNativeTarget "DavidPreview" */;
			buildPhases = (
				0A6E6105227F83410011490C /* Sources */,
				0A6E6106227F83410011490C /* Frameworks */,
				0A6E6107227F83410011490C /* Resources */,
			);
			buildRules = (
			);
			dependencies = (
			);
			name = DavidPreview;
			productName = IntersectPreview;
			productReference = 0A6E6109227F83410011490C /* DavidPreview.app */;
			productType = "com.apple.product-type.application";
		};
		0A6E6120227F89610011490C /* MetalScreenSaver */ = {
			isa = PBXNativeTarget;
			buildConfigurationList = 0A6E6127227F89610011490C /* Build configuration list for PBXNativeTarget "MetalScreenSaver" */;
			buildPhases = (
				0A6E611D227F89610011490C /* Headers */,
				0A6E611E227F89610011490C /* Sources */,
				0A6E611F227F89610011490C /* Frameworks */,
			);
			buildRules = (
			);
			dependencies = (
			);
			name = MetalScreenSaver;
			productName = MetalScreenSaver;
			productReference = 0A6E6121227F89610011490C /* libMetalScreenSaver.a */;
			productType = "com.apple.product-type.library.static";
		};
		0A926BD42276F76D00674001 /* HelloScreenSaver */ = {
			isa = PBXNativeTarget;
			buildConfigurationList = 0A926BDC2276F76D00674001 /* Build configuration list for PBXNativeTarget "HelloScreenSaver" */;
			buildPhases = (
				0A926BD02276F76D00674001 /* Headers */,
				0A926BD12276F76D00674001 /* Sources */,
				0A926BD22276F76D00674001 /* Frameworks */,
				0A926BD32276F76D00674001 /* Resources */,
			);
			buildRules = (
			);
			dependencies = (
			);
			name = HelloScreenSaver;
			productName = HelloScreenSaver;
			productReference = 0A926BD52276F76D00674001 /* HelloScreenSaver.saver */;
			productType = "com.apple.product-type.bundle";
		};
		0AD2D8BB228662340039A375 /* David */ = {
			isa = PBXNativeTarget;
			buildConfigurationList = 0AD2D8C5228662340039A375 /* Build configuration list for PBXNativeTarget "David" */;
			buildPhases = (
				0AD2D8B7228662340039A375 /* Headers */,
				0AD2D8B8228662340039A375 /* Sources */,
				0AD2D8B9228662340039A375 /* Frameworks */,
				0AD2D8BA228662340039A375 /* Resources */,
			);
			buildRules = (
			);
			dependencies = (
			);
			name = David;
			productName = David;
			productReference = 0AD2D8BC228662340039A375 /* David.saver */;
			productType = "com.apple.product-type.bundle";
		};
/* End PBXNativeTarget section */

/* Begin PBXProject section */
		0A926BA92276788A00674001 /* Project object */ = {
			isa = PBXProject;
			attributes = {
				LastSwiftUpdateCheck = 1010;
				LastUpgradeCheck = 1010;
				TargetAttributes = {
					0A6E6108227F83410011490C = {
						CreatedOnToolsVersion = 10.1;
					};
					0A6E6120227F89610011490C = {
						CreatedOnToolsVersion = 10.1;
					};
					0A926BD42276F76D00674001 = {
						CreatedOnToolsVersion = 10.1;
					};
					0AD2D8BB228662340039A375 = {
						CreatedOnToolsVersion = 10.1;
					};
				};
			};
			buildConfigurationList = 0A926BAC2276788A00674001 /* Build configuration list for PBXProject "MetalScreenSaver" */;
			compatibilityVersion = "Xcode 9.3";
			developmentRegion = en;
			hasScannedForEncodings = 0;
			knownRegions = (
				en,
				Base,
			);
			mainGroup = 0A926BA82276788A00674001;
			productRefGroup = 0A926BB5227678A600674001 /* Products */;
			projectDirPath = "";
			projectRoot = "";
			targets = (
				0A6E6120227F89610011490C /* MetalScreenSaver */,
				0A926BD42276F76D00674001 /* HelloScreenSaver */,
				0AD2D8BB228662340039A375 /* David */,
				0A6E6108227F83410011490C /* DavidPreview */,
			);
		};
/* End PBXProject section */

/* Begin PBXResourcesBuildPhase section */
		0A6E6107227F83410011490C /* Resources */ = {
			isa = PBXResourcesBuildPhase;
			buildActionMask = 2147483647;
			files = (
				0A6E610F227F83420011490C /* Assets.xcassets in Resources */,
				0A6E6112227F83420011490C /* MainMenu.xib in Resources */,
			);
			runOnlyForDeploymentPostprocessing = 0;
		};
		0A926BD32276F76D00674001 /* Resources */ = {
			isa = PBXResourcesBuildPhase;
			buildActionMask = 2147483647;
			files = (
			);
			runOnlyForDeploymentPostprocessing = 0;
		};
		0AD2D8BA228662340039A375 /* Resources */ = {
			isa = PBXResourcesBuildPhase;
			buildActionMask = 2147483647;
			files = (
			);
			runOnlyForDeploymentPostprocessing = 0;
		};
/* End PBXResourcesBuildPhase section */

/* Begin PBXSourcesBuildPhase section */
		0A6E6105227F83410011490C /* Sources */ = {
			isa = PBXSourcesBuildPhase;
			buildActionMask = 2147483647;
			files = (
				0A7A71A8227F97FD001149F2 /* Shaders.metal in Sources */,
				0AD2D8C72286626E0039A375 /* MSSRenderer.m in Sources */,
				0A6E6115227F83420011490C /* main.m in Sources */,
				0AD2D8C9228664B70039A375 /* MetalScreenSaver.m in Sources */,
				0A6E610D227F83410011490C /* AppDelegate.m in Sources */,
				0A7A71AB227F9A89001149F2 /* MSSView.m in Sources */,
			);
			runOnlyForDeploymentPostprocessing = 0;
		};
		0A6E611E227F89610011490C /* Sources */ = {
			isa = PBXSourcesBuildPhase;
			buildActionMask = 2147483647;
			files = (
				0A6E6126227F89610011490C /* MetalScreenSaver.m in Sources */,
			);
			runOnlyForDeploymentPostprocessing = 0;
		};
		0A926BD12276F76D00674001 /* Sources */ = {
			isa = PBXSourcesBuildPhase;
			buildActionMask = 2147483647;
			files = (
				0A926BF52276F9D000674001 /* Shaders.metal in Sources */,
				0A926BDA2276F76D00674001 /* HelloScreenSaverView.m in Sources */,
			);
			runOnlyForDeploymentPostprocessing = 0;
		};
		0AD2D8B8228662340039A375 /* Sources */ = {
			isa = PBXSourcesBuildPhase;
			buildActionMask = 2147483647;
			files = (
				0AD2D8CA2286653F0039A375 /* Shaders.metal in Sources */,
				0AD2D8C8228664B70039A375 /* MetalScreenSaver.m in Sources */,
				0AD2D8C6228662530039A375 /* MSSRenderer.m in Sources */,
				0AD2D8C1228662340039A375 /* DavidView.m in Sources */,
			);
			runOnlyForDeploymentPostprocessing = 0;
		};
/* End PBXSourcesBuildPhase section */

/* Begin PBXVariantGroup section */
		0A6E6110227F83420011490C /* MainMenu.xib */ = {
			isa = PBXVariantGroup;
			children = (
				0A6E6111227F83420011490C /* Base */,
			);
			name = MainMenu.xib;
			sourceTree = "<group>";
		};
/* End PBXVariantGroup section */

/* Begin XCBuildConfiguration section */
		0A6E6117227F83420011490C /* Debug */ = {
			isa = XCBuildConfiguration;
			buildSettings = {
				ALWAYS_SEARCH_USER_PATHS = NO;
				ASSETCATALOG_COMPILER_APPICON_NAME = AppIcon;
				CLANG_ANALYZER_NONNULL = YES;
				CLANG_ANALYZER_NUMBER_OBJECT_CONVERSION = YES_AGGRESSIVE;
				CLANG_CXX_LANGUAGE_STANDARD = "gnu++14";
				CLANG_CXX_LIBRARY = "libc++";
				CLANG_ENABLE_MODULES = YES;
				CLANG_ENABLE_OBJC_ARC = YES;
				CLANG_ENABLE_OBJC_WEAK = YES;
				CLANG_WARN_BLOCK_CAPTURE_AUTORELEASING = YES;
				CLANG_WARN_BOOL_CONVERSION = YES;
				CLANG_WARN_COMMA = YES;
				CLANG_WARN_CONSTANT_CONVERSION = YES;
				CLANG_WARN_DEPRECATED_OBJC_IMPLEMENTATIONS = YES;
				CLANG_WARN_DIRECT_OBJC_ISA_USAGE = YES_ERROR;
				CLANG_WARN_DOCUMENTATION_COMMENTS = YES;
				CLANG_WARN_EMPTY_BODY = YES;
				CLANG_WARN_ENUM_CONVERSION = YES;
				CLANG_WARN_INFINITE_RECURSION = YES;
				CLANG_WARN_INT_CONVERSION = YES;
				CLANG_WARN_NON_LITERAL_NULL_CONVERSION = YES;
				CLANG_WARN_OBJC_IMPLICIT_RETAIN_SELF = YES;
				CLANG_WARN_OBJC_LITERAL_CONVERSION = YES;
				CLANG_WARN_OBJC_ROOT_CLASS = YES_ERROR;
				CLANG_WARN_RANGE_LOOP_ANALYSIS = YES;
				CLANG_WARN_STRICT_PROTOTYPES = YES;
				CLANG_WARN_SUSPICIOUS_MOVE = YES;
				CLANG_WARN_UNGUARDED_AVAILABILITY = YES_AGGRESSIVE;
				CLANG_WARN_UNREACHABLE_CODE = YES;
				CLANG_WARN__DUPLICATE_METHOD_MATCH = YES;
				CODE_SIGN_ENTITLEMENTS = David/Preview/DavidPreview.entitlements;
				CODE_SIGN_IDENTITY = "-";
				CODE_SIGN_STYLE = Automatic;
				COMBINE_HIDPI_IMAGES = YES;
				COPY_PHASE_STRIP = NO;
				DEBUG_INFORMATION_FORMAT = dwarf;
				ENABLE_STRICT_OBJC_MSGSEND = YES;
				ENABLE_TESTABILITY = YES;
				GCC_C_LANGUAGE_STANDARD = gnu11;
				GCC_DYNAMIC_NO_PIC = NO;
				GCC_NO_COMMON_BLOCKS = YES;
				GCC_OPTIMIZATION_LEVEL = 0;
				GCC_PREPROCESSOR_DEFINITIONS = (
					"DEBUG=1",
					"$(inherited)",
					"kMSSBundleIdentifier=\\\"$(PRODUCT_BUNDLE_IDENTIFIER)\\\"",
				);
				GCC_WARN_64_TO_32_BIT_CONVERSION = YES;
				GCC_WARN_ABOUT_RETURN_TYPE = YES_ERROR;
				GCC_WARN_UNDECLARED_SELECTOR = YES;
				GCC_WARN_UNINITIALIZED_AUTOS = YES_AGGRESSIVE;
				GCC_WARN_UNUSED_FUNCTION = YES;
				GCC_WARN_UNUSED_VARIABLE = YES;
				INFOPLIST_FILE = David/Preview/Info.plist;
				LD_RUNPATH_SEARCH_PATHS = (
					"$(inherited)",
					"@executable_path/../Frameworks",
				);
				MACOSX_DEPLOYMENT_TARGET = 10.14;
				MTL_ENABLE_DEBUG_INFO = INCLUDE_SOURCE;
				MTL_FAST_MATH = YES;
				ONLY_ACTIVE_ARCH = YES;
				PRODUCT_BUNDLE_IDENTIFIER = me.felixnaredi.MetalScreenSaverDavidPreview;
				PRODUCT_NAME = "$(TARGET_NAME)";
				SDKROOT = macosx;
			};
			name = Debug;
		};
		0A6E6118227F83420011490C /* Release */ = {
			isa = XCBuildConfiguration;
			buildSettings = {
				ALWAYS_SEARCH_USER_PATHS = NO;
				ASSETCATALOG_COMPILER_APPICON_NAME = AppIcon;
				CLANG_ANALYZER_NONNULL = YES;
				CLANG_ANALYZER_NUMBER_OBJECT_CONVERSION = YES_AGGRESSIVE;
				CLANG_CXX_LANGUAGE_STANDARD = "gnu++14";
				CLANG_CXX_LIBRARY = "libc++";
				CLANG_ENABLE_MODULES = YES;
				CLANG_ENABLE_OBJC_ARC = YES;
				CLANG_ENABLE_OBJC_WEAK = YES;
				CLANG_WARN_BLOCK_CAPTURE_AUTORELEASING = YES;
				CLANG_WARN_BOOL_CONVERSION = YES;
				CLANG_WARN_COMMA = YES;
				CLANG_WARN_CONSTANT_CONVERSION = YES;
				CLANG_WARN_DEPRECATED_OBJC_IMPLEMENTATIONS = YES;
				CLANG_WARN_DIRECT_OBJC_ISA_USAGE = YES_ERROR;
				CLANG_WARN_DOCUMENTATION_COMMENTS = YES;
				CLANG_WARN_EMPTY_BODY = YES;
				CLANG_WARN_ENUM_CONVERSION = YES;
				CLANG_WARN_INFINITE_RECURSION = YES;
				CLANG_WARN_INT_CONVERSION = YES;
				CLANG_WARN_NON_LITERAL_NULL_CONVERSION = YES;
				CLANG_WARN_OBJC_IMPLICIT_RETAIN_SELF = YES;
				CLANG_WARN_OBJC_LITERAL_CONVERSION = YES;
				CLANG_WARN_OBJC_ROOT_CLASS = YES_ERROR;
				CLANG_WARN_RANGE_LOOP_ANALYSIS = YES;
				CLANG_WARN_STRICT_PROTOTYPES = YES;
				CLANG_WARN_SUSPICIOUS_MOVE = YES;
				CLANG_WARN_UNGUARDED_AVAILABILITY = YES_AGGRESSIVE;
				CLANG_WARN_UNREACHABLE_CODE = YES;
				CLANG_WARN__DUPLICATE_METHOD_MATCH = YES;
				CODE_SIGN_ENTITLEMENTS = David/Preview/DavidPreview.entitlements;
				CODE_SIGN_IDENTITY = "-";
				CODE_SIGN_STYLE = Automatic;
				COMBINE_HIDPI_IMAGES = YES;
				COPY_PHASE_STRIP = NO;
				DEBUG_INFORMATION_FORMAT = "dwarf-with-dsym";
				ENABLE_NS_ASSERTIONS = NO;
				ENABLE_STRICT_OBJC_MSGSEND = YES;
				GCC_C_LANGUAGE_STANDARD = gnu11;
				GCC_NO_COMMON_BLOCKS = YES;
				GCC_PREPROCESSOR_DEFINITIONS = "kMSSBundleIdentifier=\\\"$(PRODUCT_BUNDLE_IDENTIFIER)\\\"";
				GCC_WARN_64_TO_32_BIT_CONVERSION = YES;
				GCC_WARN_ABOUT_RETURN_TYPE = YES_ERROR;
				GCC_WARN_UNDECLARED_SELECTOR = YES;
				GCC_WARN_UNINITIALIZED_AUTOS = YES_AGGRESSIVE;
				GCC_WARN_UNUSED_FUNCTION = YES;
				GCC_WARN_UNUSED_VARIABLE = YES;
				INFOPLIST_FILE = David/Preview/Info.plist;
				LD_RUNPATH_SEARCH_PATHS = (
					"$(inherited)",
					"@executable_path/../Frameworks",
				);
				MACOSX_DEPLOYMENT_TARGET = 10.14;
				MTL_ENABLE_DEBUG_INFO = NO;
				MTL_FAST_MATH = YES;
				PRODUCT_BUNDLE_IDENTIFIER = me.felixnaredi.MetalScreenSaverDavidPreview;
				PRODUCT_NAME = "$(TARGET_NAME)";
				SDKROOT = macosx;
			};
			name = Release;
		};
		0A6E6128227F89610011490C /* Debug */ = {
			isa = XCBuildConfiguration;
			buildSettings = {
				ALWAYS_SEARCH_USER_PATHS = NO;
				CLANG_ANALYZER_NONNULL = YES;
				CLANG_ANALYZER_NUMBER_OBJECT_CONVERSION = YES_AGGRESSIVE;
				CLANG_CXX_LANGUAGE_STANDARD = "gnu++14";
				CLANG_CXX_LIBRARY = "libc++";
				CLANG_ENABLE_MODULES = YES;
				CLANG_ENABLE_OBJC_ARC = YES;
				CLANG_ENABLE_OBJC_WEAK = YES;
				CLANG_WARN_BLOCK_CAPTURE_AUTORELEASING = YES;
				CLANG_WARN_BOOL_CONVERSION = YES;
				CLANG_WARN_COMMA = YES;
				CLANG_WARN_CONSTANT_CONVERSION = YES;
				CLANG_WARN_DEPRECATED_OBJC_IMPLEMENTATIONS = YES;
				CLANG_WARN_DIRECT_OBJC_ISA_USAGE = YES_ERROR;
				CLANG_WARN_DOCUMENTATION_COMMENTS = YES;
				CLANG_WARN_EMPTY_BODY = YES;
				CLANG_WARN_ENUM_CONVERSION = YES;
				CLANG_WARN_INFINITE_RECURSION = YES;
				CLANG_WARN_INT_CONVERSION = YES;
				CLANG_WARN_NON_LITERAL_NULL_CONVERSION = YES;
				CLANG_WARN_OBJC_IMPLICIT_RETAIN_SELF = YES;
				CLANG_WARN_OBJC_LITERAL_CONVERSION = YES;
				CLANG_WARN_OBJC_ROOT_CLASS = YES_ERROR;
				CLANG_WARN_RANGE_LOOP_ANALYSIS = YES;
				CLANG_WARN_STRICT_PROTOTYPES = YES;
				CLANG_WARN_SUSPICIOUS_MOVE = YES;
				CLANG_WARN_UNGUARDED_AVAILABILITY = YES_AGGRESSIVE;
				CLANG_WARN_UNREACHABLE_CODE = YES;
				CLANG_WARN__DUPLICATE_METHOD_MATCH = YES;
				CODE_SIGN_IDENTITY = "-";
				CODE_SIGN_STYLE = Automatic;
				COPY_PHASE_STRIP = NO;
				DEBUG_INFORMATION_FORMAT = dwarf;
				DEFINES_MODULE = YES;
				ENABLE_STRICT_OBJC_MSGSEND = YES;
				ENABLE_TESTABILITY = YES;
				EXECUTABLE_PREFIX = lib;
				GCC_C_LANGUAGE_STANDARD = gnu11;
				GCC_DYNAMIC_NO_PIC = NO;
				GCC_NO_COMMON_BLOCKS = YES;
				GCC_OPTIMIZATION_LEVEL = 0;
				GCC_PREPROCESSOR_DEFINITIONS = (
					"DEBUG=1",
					"$(inherited)",
				);
				GCC_WARN_64_TO_32_BIT_CONVERSION = YES;
				GCC_WARN_ABOUT_RETURN_TYPE = YES_ERROR;
				GCC_WARN_UNDECLARED_SELECTOR = YES;
				GCC_WARN_UNINITIALIZED_AUTOS = YES_AGGRESSIVE;
				GCC_WARN_UNUSED_FUNCTION = YES;
				GCC_WARN_UNUSED_VARIABLE = YES;
				MACOSX_DEPLOYMENT_TARGET = 10.14;
				MODULEMAP_FILE = "$(SRCROOT)/MetalScreenSaver/module.modulemap";
				MTL_ENABLE_DEBUG_INFO = INCLUDE_SOURCE;
				MTL_FAST_MATH = YES;
				ONLY_ACTIVE_ARCH = YES;
				PRODUCT_NAME = "$(TARGET_NAME)";
				SDKROOT = macosx;
				SKIP_INSTALL = YES;
			};
			name = Debug;
		};
		0A6E6129227F89610011490C /* Release */ = {
			isa = XCBuildConfiguration;
			buildSettings = {
				ALWAYS_SEARCH_USER_PATHS = NO;
				CLANG_ANALYZER_NONNULL = YES;
				CLANG_ANALYZER_NUMBER_OBJECT_CONVERSION = YES_AGGRESSIVE;
				CLANG_CXX_LANGUAGE_STANDARD = "gnu++14";
				CLANG_CXX_LIBRARY = "libc++";
				CLANG_ENABLE_MODULES = YES;
				CLANG_ENABLE_OBJC_ARC = YES;
				CLANG_ENABLE_OBJC_WEAK = YES;
				CLANG_WARN_BLOCK_CAPTURE_AUTORELEASING = YES;
				CLANG_WARN_BOOL_CONVERSION = YES;
				CLANG_WARN_COMMA = YES;
				CLANG_WARN_CONSTANT_CONVERSION = YES;
				CLANG_WARN_DEPRECATED_OBJC_IMPLEMENTATIONS = YES;
				CLANG_WARN_DIRECT_OBJC_ISA_USAGE = YES_ERROR;
				CLANG_WARN_DOCUMENTATION_COMMENTS = YES;
				CLANG_WARN_EMPTY_BODY = YES;
				CLANG_WARN_ENUM_CONVERSION = YES;
				CLANG_WARN_INFINITE_RECURSION = YES;
				CLANG_WARN_INT_CONVERSION = YES;
				CLANG_WARN_NON_LITERAL_NULL_CONVERSION = YES;
				CLANG_WARN_OBJC_IMPLICIT_RETAIN_SELF = YES;
				CLANG_WARN_OBJC_LITERAL_CONVERSION = YES;
				CLANG_WARN_OBJC_ROOT_CLASS = YES_ERROR;
				CLANG_WARN_RANGE_LOOP_ANALYSIS = YES;
				CLANG_WARN_STRICT_PROTOTYPES = YES;
				CLANG_WARN_SUSPICIOUS_MOVE = YES;
				CLANG_WARN_UNGUARDED_AVAILABILITY = YES_AGGRESSIVE;
				CLANG_WARN_UNREACHABLE_CODE = YES;
				CLANG_WARN__DUPLICATE_METHOD_MATCH = YES;
				CODE_SIGN_IDENTITY = "-";
				CODE_SIGN_STYLE = Automatic;
				COPY_PHASE_STRIP = NO;
				DEBUG_INFORMATION_FORMAT = "dwarf-with-dsym";
				DEFINES_MODULE = YES;
				ENABLE_NS_ASSERTIONS = NO;
				ENABLE_STRICT_OBJC_MSGSEND = YES;
				EXECUTABLE_PREFIX = lib;
				GCC_C_LANGUAGE_STANDARD = gnu11;
				GCC_NO_COMMON_BLOCKS = YES;
				GCC_WARN_64_TO_32_BIT_CONVERSION = YES;
				GCC_WARN_ABOUT_RETURN_TYPE = YES_ERROR;
				GCC_WARN_UNDECLARED_SELECTOR = YES;
				GCC_WARN_UNINITIALIZED_AUTOS = YES_AGGRESSIVE;
				GCC_WARN_UNUSED_FUNCTION = YES;
				GCC_WARN_UNUSED_VARIABLE = YES;
				MACOSX_DEPLOYMENT_TARGET = 10.14;
				MODULEMAP_FILE = "$(SRCROOT)/MetalScreenSaver/module.modulemap";
				MTL_ENABLE_DEBUG_INFO = NO;
				MTL_FAST_MATH = YES;
				PRODUCT_NAME = "$(TARGET_NAME)";
				SDKROOT = macosx;
				SKIP_INSTALL = YES;
			};
			name = Release;
		};
		0A926BAD2276788A00674001 /* Debug */ = {
			isa = XCBuildConfiguration;
			buildSettings = {
			};
			name = Debug;
		};
		0A926BAE2276788A00674001 /* Release */ = {
			isa = XCBuildConfiguration;
			buildSettings = {
			};
			name = Release;
		};
		0A926BDD2276F76D00674001 /* Debug */ = {
			isa = XCBuildConfiguration;
			buildSettings = {
				ALWAYS_SEARCH_USER_PATHS = NO;
				CLANG_ANALYZER_NONNULL = YES;
				CLANG_ANALYZER_NUMBER_OBJECT_CONVERSION = YES_AGGRESSIVE;
				CLANG_CXX_LANGUAGE_STANDARD = "gnu++14";
				CLANG_CXX_LIBRARY = "libc++";
				CLANG_ENABLE_MODULES = YES;
				CLANG_ENABLE_OBJC_ARC = YES;
				CLANG_ENABLE_OBJC_WEAK = YES;
				CLANG_WARN_BLOCK_CAPTURE_AUTORELEASING = YES;
				CLANG_WARN_BOOL_CONVERSION = YES;
				CLANG_WARN_COMMA = YES;
				CLANG_WARN_CONSTANT_CONVERSION = YES;
				CLANG_WARN_DEPRECATED_OBJC_IMPLEMENTATIONS = YES;
				CLANG_WARN_DIRECT_OBJC_ISA_USAGE = YES_ERROR;
				CLANG_WARN_DOCUMENTATION_COMMENTS = YES;
				CLANG_WARN_EMPTY_BODY = YES;
				CLANG_WARN_ENUM_CONVERSION = YES;
				CLANG_WARN_INFINITE_RECURSION = YES;
				CLANG_WARN_INT_CONVERSION = YES;
				CLANG_WARN_NON_LITERAL_NULL_CONVERSION = YES;
				CLANG_WARN_OBJC_IMPLICIT_RETAIN_SELF = YES;
				CLANG_WARN_OBJC_LITERAL_CONVERSION = YES;
				CLANG_WARN_OBJC_ROOT_CLASS = YES_ERROR;
				CLANG_WARN_RANGE_LOOP_ANALYSIS = YES;
				CLANG_WARN_STRICT_PROTOTYPES = YES;
				CLANG_WARN_SUSPICIOUS_MOVE = YES;
				CLANG_WARN_UNGUARDED_AVAILABILITY = YES_AGGRESSIVE;
				CLANG_WARN_UNREACHABLE_CODE = YES;
				CLANG_WARN__DUPLICATE_METHOD_MATCH = YES;
				CODE_SIGN_IDENTITY = "-";
				CODE_SIGN_STYLE = Automatic;
				COMBINE_HIDPI_IMAGES = YES;
				COPY_PHASE_STRIP = NO;
				DEBUG_INFORMATION_FORMAT = dwarf;
				ENABLE_STRICT_OBJC_MSGSEND = YES;
				ENABLE_TESTABILITY = YES;
				GCC_C_LANGUAGE_STANDARD = gnu11;
				GCC_DYNAMIC_NO_PIC = NO;
				GCC_NO_COMMON_BLOCKS = YES;
				GCC_OPTIMIZATION_LEVEL = 0;
				GCC_PREPROCESSOR_DEFINITIONS = "DEBUG=1";
				GCC_WARN_64_TO_32_BIT_CONVERSION = YES;
				GCC_WARN_ABOUT_RETURN_TYPE = YES_ERROR;
				GCC_WARN_UNDECLARED_SELECTOR = YES;
				GCC_WARN_UNINITIALIZED_AUTOS = YES_AGGRESSIVE;
				GCC_WARN_UNUSED_FUNCTION = YES;
				GCC_WARN_UNUSED_VARIABLE = YES;
				INFOPLIST_FILE = HelloScreenSaver/Info.plist;
				INSTALL_PATH = "$(HOME)/Library/Screen Savers";
				MACOSX_DEPLOYMENT_TARGET = 10.14;
				MTL_ENABLE_DEBUG_INFO = INCLUDE_SOURCE;
				MTL_FAST_MATH = YES;
				ONLY_ACTIVE_ARCH = YES;
				PRODUCT_BUNDLE_IDENTIFIER = me.felixnaredi.HelloScreenSaver;
				PRODUCT_NAME = "$(TARGET_NAME)";
				SDKROOT = macosx;
				WRAPPER_EXTENSION = saver;
			};
			name = Debug;
		};
		0A926BDE2276F76D00674001 /* Release */ = {
			isa = XCBuildConfiguration;
			buildSettings = {
				ALWAYS_SEARCH_USER_PATHS = NO;
				CLANG_ANALYZER_NONNULL = YES;
				CLANG_ANALYZER_NUMBER_OBJECT_CONVERSION = YES_AGGRESSIVE;
				CLANG_CXX_LANGUAGE_STANDARD = "gnu++14";
				CLANG_CXX_LIBRARY = "libc++";
				CLANG_ENABLE_MODULES = YES;
				CLANG_ENABLE_OBJC_ARC = YES;
				CLANG_ENABLE_OBJC_WEAK = YES;
				CLANG_WARN_BLOCK_CAPTURE_AUTORELEASING = YES;
				CLANG_WARN_BOOL_CONVERSION = YES;
				CLANG_WARN_COMMA = YES;
				CLANG_WARN_CONSTANT_CONVERSION = YES;
				CLANG_WARN_DEPRECATED_OBJC_IMPLEMENTATIONS = YES;
				CLANG_WARN_DIRECT_OBJC_ISA_USAGE = YES_ERROR;
				CLANG_WARN_DOCUMENTATION_COMMENTS = YES;
				CLANG_WARN_EMPTY_BODY = YES;
				CLANG_WARN_ENUM_CONVERSION = YES;
				CLANG_WARN_INFINITE_RECURSION = YES;
				CLANG_WARN_INT_CONVERSION = YES;
				CLANG_WARN_NON_LITERAL_NULL_CONVERSION = YES;
				CLANG_WARN_OBJC_IMPLICIT_RETAIN_SELF = YES;
				CLANG_WARN_OBJC_LITERAL_CONVERSION = YES;
				CLANG_WARN_OBJC_ROOT_CLASS = YES_ERROR;
				CLANG_WARN_RANGE_LOOP_ANALYSIS = YES;
				CLANG_WARN_STRICT_PROTOTYPES = YES;
				CLANG_WARN_SUSPICIOUS_MOVE = YES;
				CLANG_WARN_UNGUARDED_AVAILABILITY = YES_AGGRESSIVE;
				CLANG_WARN_UNREACHABLE_CODE = YES;
				CLANG_WARN__DUPLICATE_METHOD_MATCH = YES;
				CODE_SIGN_IDENTITY = "-";
				CODE_SIGN_STYLE = Automatic;
				COMBINE_HIDPI_IMAGES = YES;
				COPY_PHASE_STRIP = NO;
				DEBUG_INFORMATION_FORMAT = "dwarf-with-dsym";
				ENABLE_NS_ASSERTIONS = NO;
				ENABLE_STRICT_OBJC_MSGSEND = YES;
				GCC_C_LANGUAGE_STANDARD = gnu11;
				GCC_NO_COMMON_BLOCKS = YES;
				GCC_PREPROCESSOR_DEFINITIONS = "";
				GCC_WARN_64_TO_32_BIT_CONVERSION = YES;
				GCC_WARN_ABOUT_RETURN_TYPE = YES_ERROR;
				GCC_WARN_UNDECLARED_SELECTOR = YES;
				GCC_WARN_UNINITIALIZED_AUTOS = YES_AGGRESSIVE;
				GCC_WARN_UNUSED_FUNCTION = YES;
				GCC_WARN_UNUSED_VARIABLE = YES;
				INFOPLIST_FILE = HelloScreenSaver/Info.plist;
				INSTALL_PATH = "$(HOME)/Library/Screen Savers";
				MACOSX_DEPLOYMENT_TARGET = 10.14;
				MTL_ENABLE_DEBUG_INFO = NO;
				MTL_FAST_MATH = YES;
				PRODUCT_BUNDLE_IDENTIFIER = me.felixnaredi.HelloScreenSaver;
				PRODUCT_NAME = "$(TARGET_NAME)";
				SDKROOT = macosx;
				WRAPPER_EXTENSION = saver;
			};
			name = Release;
		};
		0AD2D8C3228662340039A375 /* Debug */ = {
			isa = XCBuildConfiguration;
			buildSettings = {
				ALWAYS_SEARCH_USER_PATHS = NO;
				CLANG_ANALYZER_NONNULL = YES;
				CLANG_ANALYZER_NUMBER_OBJECT_CONVERSION = YES_AGGRESSIVE;
				CLANG_CXX_LANGUAGE_STANDARD = "gnu++14";
				CLANG_CXX_LIBRARY = "libc++";
				CLANG_ENABLE_MODULES = YES;
				CLANG_ENABLE_OBJC_ARC = YES;
				CLANG_ENABLE_OBJC_WEAK = YES;
				CLANG_WARN_BLOCK_CAPTURE_AUTORELEASING = YES;
				CLANG_WARN_BOOL_CONVERSION = YES;
				CLANG_WARN_COMMA = YES;
				CLANG_WARN_CONSTANT_CONVERSION = YES;
				CLANG_WARN_DEPRECATED_OBJC_IMPLEMENTATIONS = YES;
				CLANG_WARN_DIRECT_OBJC_ISA_USAGE = YES_ERROR;
				CLANG_WARN_DOCUMENTATION_COMMENTS = YES;
				CLANG_WARN_EMPTY_BODY = YES;
				CLANG_WARN_ENUM_CONVERSION = YES;
				CLANG_WARN_INFINITE_RECURSION = YES;
				CLANG_WARN_INT_CONVERSION = YES;
				CLANG_WARN_NON_LITERAL_NULL_CONVERSION = YES;
				CLANG_WARN_OBJC_IMPLICIT_RETAIN_SELF = YES;
				CLANG_WARN_OBJC_LITERAL_CONVERSION = YES;
				CLANG_WARN_OBJC_ROOT_CLASS = YES_ERROR;
				CLANG_WARN_RANGE_LOOP_ANALYSIS = YES;
				CLANG_WARN_STRICT_PROTOTYPES = YES;
				CLANG_WARN_SUSPICIOUS_MOVE = YES;
				CLANG_WARN_UNGUARDED_AVAILABILITY = YES_AGGRESSIVE;
				CLANG_WARN_UNREACHABLE_CODE = YES;
				CLANG_WARN__DUPLICATE_METHOD_MATCH = YES;
				CODE_SIGN_IDENTITY = "-";
				CODE_SIGN_STYLE = Automatic;
				COMBINE_HIDPI_IMAGES = YES;
				COPY_PHASE_STRIP = NO;
				DEBUG_INFORMATION_FORMAT = dwarf;
				ENABLE_STRICT_OBJC_MSGSEND = YES;
				ENABLE_TESTABILITY = YES;
				GCC_C_LANGUAGE_STANDARD = gnu11;
				GCC_DYNAMIC_NO_PIC = NO;
				GCC_NO_COMMON_BLOCKS = YES;
				GCC_OPTIMIZATION_LEVEL = 0;
				GCC_PREPROCESSOR_DEFINITIONS = (
					"DEBUG=1",
					"$(inherited)",
					"kMSSBundleIdentifier=\\\"$(PRODUCT_BUNDLE_IDENTIFIER)\\\"",
				);
				GCC_WARN_64_TO_32_BIT_CONVERSION = YES;
				GCC_WARN_ABOUT_RETURN_TYPE = YES_ERROR;
				GCC_WARN_UNDECLARED_SELECTOR = YES;
				GCC_WARN_UNINITIALIZED_AUTOS = YES_AGGRESSIVE;
				GCC_WARN_UNUSED_FUNCTION = YES;
				GCC_WARN_UNUSED_VARIABLE = YES;
				INFOPLIST_FILE = David/Info.plist;
				INSTALL_PATH = "$(HOME)/Library/Screen Savers";
				MACOSX_DEPLOYMENT_TARGET = 10.14;
				MTL_ENABLE_DEBUG_INFO = INCLUDE_SOURCE;
				MTL_FAST_MATH = YES;
				ONLY_ACTIVE_ARCH = YES;
				PRODUCT_BUNDLE_IDENTIFIER = me.felixnaredi.MetalScreenSaverDavid;
				PRODUCT_NAME = "$(TARGET_NAME)";
				SDKROOT = macosx;
				WRAPPER_EXTENSION = saver;
			};
			name = Debug;
		};
		0AD2D8C4228662340039A375 /* Release */ = {
			isa = XCBuildConfiguration;
			buildSettings = {
				ALWAYS_SEARCH_USER_PATHS = NO;
				CLANG_ANALYZER_NONNULL = YES;
				CLANG_ANALYZER_NUMBER_OBJECT_CONVERSION = YES_AGGRESSIVE;
				CLANG_CXX_LANGUAGE_STANDARD = "gnu++14";
				CLANG_CXX_LIBRARY = "libc++";
				CLANG_ENABLE_MODULES = YES;
				CLANG_ENABLE_OBJC_ARC = YES;
				CLANG_ENABLE_OBJC_WEAK = YES;
				CLANG_WARN_BLOCK_CAPTURE_AUTORELEASING = YES;
				CLANG_WARN_BOOL_CONVERSION = YES;
				CLANG_WARN_COMMA = YES;
				CLANG_WARN_CONSTANT_CONVERSION = YES;
				CLANG_WARN_DEPRECATED_OBJC_IMPLEMENTATIONS = YES;
				CLANG_WARN_DIRECT_OBJC_ISA_USAGE = YES_ERROR;
				CLANG_WARN_DOCUMENTATION_COMMENTS = YES;
				CLANG_WARN_EMPTY_BODY = YES;
				CLANG_WARN_ENUM_CONVERSION = YES;
				CLANG_WARN_INFINITE_RECURSION = YES;
				CLANG_WARN_INT_CONVERSION = YES;
				CLANG_WARN_NON_LITERAL_NULL_CONVERSION = YES;
				CLANG_WARN_OBJC_IMPLICIT_RETAIN_SELF = YES;
				CLANG_WARN_OBJC_LITERAL_CONVERSION = YES;
				CLANG_WARN_OBJC_ROOT_CLASS = YES_ERROR;
				CLANG_WARN_RANGE_LOOP_ANALYSIS = YES;
				CLANG_WARN_STRICT_PROTOTYPES = YES;
				CLANG_WARN_SUSPICIOUS_MOVE = YES;
				CLANG_WARN_UNGUARDED_AVAILABILITY = YES_AGGRESSIVE;
				CLANG_WARN_UNREACHABLE_CODE = YES;
				CLANG_WARN__DUPLICATE_METHOD_MATCH = YES;
				CODE_SIGN_IDENTITY = "-";
				CODE_SIGN_STYLE = Automatic;
				COMBINE_HIDPI_IMAGES = YES;
				COPY_PHASE_STRIP = NO;
				DEBUG_INFORMATION_FORMAT = "dwarf-with-dsym";
				ENABLE_NS_ASSERTIONS = NO;
				ENABLE_STRICT_OBJC_MSGSEND = YES;
				GCC_C_LANGUAGE_STANDARD = gnu11;
				GCC_NO_COMMON_BLOCKS = YES;
				GCC_PREPROCESSOR_DEFINITIONS = "kMSSBundleIdentifier=\\\"$(PRODUCT_BUNDLE_IDENTIFIER)\\\"";
				GCC_WARN_64_TO_32_BIT_CONVERSION = YES;
				GCC_WARN_ABOUT_RETURN_TYPE = YES_ERROR;
				GCC_WARN_UNDECLARED_SELECTOR = YES;
				GCC_WARN_UNINITIALIZED_AUTOS = YES_AGGRESSIVE;
				GCC_WARN_UNUSED_FUNCTION = YES;
				GCC_WARN_UNUSED_VARIABLE = YES;
				INFOPLIST_FILE = David/Info.plist;
				INSTALL_PATH = "$(HOME)/Library/Screen Savers";
				MACOSX_DEPLOYMENT_TARGET = 10.14;
				MTL_ENABLE_DEBUG_INFO = NO;
				MTL_FAST_MATH = YES;
				PRODUCT_BUNDLE_IDENTIFIER = me.felixnaredi.MetalScreenSaverDavid;
				PRODUCT_NAME = "$(TARGET_NAME)";
				SDKROOT = macosx;
				WRAPPER_EXTENSION = saver;
			};
			name = Release;
		};
/* End XCBuildConfiguration section */

/* Begin XCConfigurationList section */
		0A6E6119227F83420011490C /* Build configuration list for PBXNativeTarget "DavidPreview" */ = {
			isa = XCConfigurationList;
			buildConfigurations = (
				0A6E6117227F83420011490C /* Debug */,
				0A6E6118227F83420011490C /* Release */,
			);
			defaultConfigurationIsVisible = 0;
			defaultConfigurationName = Release;
		};
		0A6E6127227F89610011490C /* Build configuration list for PBXNativeTarget "MetalScreenSaver" */ = {
			isa = XCConfigurationList;
			buildConfigurations = (
				0A6E6128227F89610011490C /* Debug */,
				0A6E6129227F89610011490C /* Release */,
			);
			defaultConfigurationIsVisible = 0;
			defaultConfigurationName = Release;
		};
		0A926BAC2276788A00674001 /* Build configuration list for PBXProject "MetalScreenSaver" */ = {
			isa = XCConfigurationList;
			buildConfigurations = (
				0A926BAD2276788A00674001 /* Debug */,
				0A926BAE2276788A00674001 /* Release */,
			);
			defaultConfigurationIsVisible = 0;
			defaultConfigurationName = Release;
		};
		0A926BDC2276F76D00674001 /* Build configuration list for PBXNativeTarget "HelloScreenSaver" */ = {
			isa = XCConfigurationList;
			buildConfigurations = (
				0A926BDD2276F76D00674001 /* Debug */,
				0A926BDE2276F76D00674001 /* Release */,
			);
			defaultConfigurationIsVisible = 0;
			defaultConfigurationName = Release;
		};
		0AD2D8C5228662340039A375 /* Build configuration list for PBXNativeTarget "David" */ = {
			isa = XCConfigurationList;
			buildConfigurations = (
				0AD2D8C3228662340039A375 /* Debug */,
				0AD2D8C4228662340039A375 /* Release */,
			);
			defaultConfigurationIsVisible = 0;
			defaultConfigurationName = Release;
		};
/* End XCConfigurationList section */
	};
	rootObject = 0A926BA92276788A00674001 /* Project object */;
}
